
Microsoft Visual Studio Solution File, Format Version 12.00
# Visual Studio Version 17
VisualStudioVersion = 17.4.33122.133
MinimumVisualStudioVersion = 10.0.40219.1
Project("{9A19103F-16F7-4668-BE54-9A1E7A4F7556}") = "Calculator", "Calculator\Calculator.csproj", "{BF2F0555-5F52-4F18-A628-F8A3AEE687DC}"
EndProject
Project("{9A19103F-16F7-4668-BE54-9A1E7A4F7556}") = "Calculator.Logic", "Calculator.Logic\Calculator.Logic.csproj", "{41BD0F14-23B0-480F-8F68-717B418D657F}"
EndProject
Project("{9A19103F-16F7-4668-BE54-9A1E7A4F7556}") = "Calculator.Tests", "Calculator.Tests\Calculator.Tests.csproj", "{11B5589B-50BB-450F-B41B-688648E6D7E5}"
EndProject
Global
	GlobalSection(SolutionConfigurationPlatforms) = preSolution
		Debug|Any CPU = Debug|Any CPU
		Release|Any CPU = Release|Any CPU
	EndGlobalSection
	GlobalSection(ProjectConfigurationPlatforms) = postSolution
		{BF2F0555-5F52-4F18-A628-F8A3AEE687DC}.Debug|Any CPU.ActiveCfg = Debug|Any CPU
		{BF2F0555-5F52-4F18-A628-F8A3AEE687DC}.Debug|Any CPU.Build.0 = Debug|Any CPU
		{BF2F0555-5F52-4F18-A628-F8A3AEE687DC}.Release|Any CPU.ActiveCfg = Release|Any CPU
		{BF2F0555-5F52-4F18-A628-F8A3AEE687DC}.Release|Any CPU.Build.0 = Release|Any CPU
		{41BD0F14-23B0-480F-8F68-717B418D657F}.Debug|Any CPU.ActiveCfg = Debug|Any CPU
		{41BD0F14-23B0-480F-8F68-717B418D657F}.Debug|Any CPU.Build.0 = Debug|Any CPU
		{41BD0F14-23B0-480F-8F68-717B418D657F}.Release|Any CPU.ActiveCfg = Release|Any CPU
		{41BD0F14-23B0-480F-8F68-717B418D657F}.Release|Any CPU.Build.0 = Release|Any CPU
		{11B5589B-50BB-450F-B41B-688648E6D7E5}.Debug|Any CPU.ActiveCfg = Debug|Any CPU
		{11B5589B-50BB-450F-B41B-688648E6D7E5}.Debug|Any CPU.Build.0 = Debug|Any CPU
		{11B5589B-50BB-450F-B41B-688648E6D7E5}.Release|Any CPU.ActiveCfg = Release|Any CPU
		{11B5589B-50BB-450F-B41B-688648E6D7E5}.Release|Any CPU.Build.0 = Release|Any CPU
	EndGlobalSection
	GlobalSection(SolutionProperties) = preSolution
		HideSolutionNode = FALSE
	EndGlobalSection
	GlobalSection(ExtensibilityGlobals) = postSolution
		SolutionGuid = {15A1741C-D402-45AB-84C4-B5C86DC6B4F2}
	EndGlobalSection
EndGlobal
